
Microsoft Visual Studio Solution File, Format Version 12.00
# Visual Studio Version 16
VisualStudioVersion = 16.0.32126.315
MinimumVisualStudioVersion = 10.0.40219.1
Project("{FAE04EC0-301F-11D3-BF4B-00C04F79EFBC}") = "Web", "Web.csproj", "{88D6EA83-9FAA-4315-A64C-27F9A926073B}"
EndProject
Global
	GlobalSection(SolutionConfigurationPlatforms) = preSolution
		Debug|Any CPU = Debug|Any CPU
		Release|Any CPU = Release|Any CPU
	EndGlobalSection
	GlobalSection(ProjectConfigurationPlatforms) = postSolution
		{88D6EA83-9FAA-4315-A64C-27F9A926073B}.Debug|Any CPU.ActiveCfg = Debug|Any CPU
		{88D6EA83-9FAA-4315-A64C-27F9A926073B}.Debug|Any CPU.Build.0 = Debug|Any CPU
		{88D6EA83-9FAA-4315-A64C-27F9A926073B}.Release|Any CPU.ActiveCfg = Release|Any CPU
		{88D6EA83-9FAA-4315-A64C-27F9A926073B}.Release|Any CPU.Build.0 = Release|Any CPU
	EndGlobalSection
	GlobalSection(SolutionProperties) = preSolution
		HideSolutionNode = FALSE
	EndGlobalSection
	GlobalSection(ExtensibilityGlobals) = postSolution
		SolutionGuid = {7206B4B0-7FBE-4319-B716-C737ED874945}
	EndGlobalSection
EndGlobal
